b1593105548307531c309458f9b701acae223eea8878cf1b2197f07fc260f591  lib/alloc.cyr
69e92cc4b67f1a936f94c92ce8a4c66673758b84dba385e96fbeaa46fa692b4c  lib/alloc_agnos.cyr
c3b7f80d39f39610f44bebf34ba8f31c82eb85b1a7b7ff5327ef5a81e4945889  lib/alloc_cx.cyr
03922b263b4a771d7104c6dcc30b4b029c6fe40ec93fec6a0ee38ec61f7e7dd8  lib/alloc_macos.cyr
6feb5ef16178a4da10e5cb1fa0ad91e94da8d0d64d76822ea818e70dba5c118e  lib/alloc_windows.cyr
ee03323e1b6ad279619fe630bb76d47b00aca6d198d508ea804f4b19d4f2b6fd  lib/args.cyr
27c9752b70e797b43d30204e5077749526144495ba7021b1272067f3236d81f9  lib/args_agnos.cyr
99f96283da419ad9f01d076269411c3d5214b6007a92d1bbe2356ab906a5d1a1  lib/args_macos.cyr
f7b9d52f29de6d3d633962ccc765a76637091a7256eebc1da5547530eed2c44b  lib/args_win.cyr
65b99d174e411037dc1662bea183fe4c67835760eda848063d352e590219d955  lib/assert.cyr
d9235010b99bcd1329695f11efdb52842cd0b5cc9891d5b58a3d36a26f981e55  lib/async.cyr
20abf2e0af25d7e467aea56adf75b49d62fb30b46523d1d3bd1d67499af4a2ed  lib/async_agnos.cyr
82c346ceb97ac0d79da8771ec68632ac6135e8c1f4e1007bd1603fafda6f4e9a  lib/async_macos.cyr
9f9b69b583151e6cd2f026cfa53629ef89b0e15d8c69d3778851f278a33ffaa2  lib/async_win.cyr
a31cbf049f4611a63fffbc022826d69b03d71b0a29b18bdb5ea00b6cd88823b8  lib/atomic.cyr
455c132bac63e094d7c6fc590e3227a3171f59f182762ebf18e40f7d3cfa7d38  lib/audit_walk.cyr
d4b6693389b9e024a9e569510c7ee363bc976b6aaf7093084a2cb756d0d1caf1  lib/bayan.cyr
5b68cbb944143fa110d8ddb587f7ed7092ba70cae08a8d16482a14f00b47694e  lib/bench.cyr
d3106568aba674ffa99ad15542ba2accd648707e4c3172d4e5ca3bf8f49b765b  lib/bounds.cyr
bcb81fae9cba3b8f13073c1d2b88a49bc7fe0ce8b95b69f2fa63a87f43f44161  lib/boxed.cyr
84f7f4d4d7de8da160f480d46ab2f75079468e98cdc3afb26974fcab6bde8ead  lib/callback.cyr
dc870da729050b0b58650349ec80f6d5a9a7659c12c975ee505682fa87abc3b4  lib/cffi.cyr
5db91d3be98070b7936db9eb217da38a49e8682efad126bb921f1bc202a2c3c7  lib/chrono.cyr
096eabc580c807f3e378fbe56058780a28cdf95b9c70b44672bca0a71cf969f6  lib/ct.cyr
98d1536d5bb355549b7e7be257fb6a5620525f93b447a5a5759b04a0aa053191  lib/dxgi.cyr
a909b9724ff62b3902d541f1115b54295b277e373e9bfb9e2da345b23c631512  lib/dynlib.cyr
c6557b7de8359a2d3091040eb8b23d95bcc22623fc88f0005abf905bc410a8fa  lib/fdlopen.cyr
5fb248bab06b39e93e324aa497370e80778fb33b99b71d2f6d168caecbc154be  lib/flags.cyr
224c9d1685b2a0859abbc1a8a01bc5570660a3aaf90a7ccfb468e38d0cf3af5f  lib/fmt.cyr
2f9d210e9280506f280bbd10a7b26b76c7990360a97fb7701f348bfe76fbb291  lib/fnptr.cyr
812d57d8411be685c653ecc0d644bd8e6b366691ee78dee5518a446bafdb309f  lib/freelist.cyr
19ef7aca99dc58acebb8fcafb9961aeac2b09c720af03ce0e15bd8088319a30d  lib/fs.cyr
c7b3bf5beebddc082d4fa643a7113deaf26d0fd80dd5cd70ba0e3c21671107d0  lib/fs_win.cyr
7f04aa9bd8fbf24275d14698d46bfb8420af4f6cf4684c2001a821f0328246a9  lib/ganita.cyr
f7a4ae2dee6bc5e496a2b4c57dd96e9d1c5456430796382c50cab7730f8faf71  lib/grp.cyr
b34890c61d62738208106abb6d06f483819e2e01a7ac7899274542b05fdee2df  lib/hashmap.cyr
c330214e8dedf8ee79d03647ea280049f12eb63d6a21c31c5c4bfa36af381c3e  lib/hashmap_fast.cyr
920daeb96fca4aac103d39bd74bd8d2120e58205788fedaff0cbb353b1ab8a9d  lib/hashseed.cyr
14902b0c9ffa02e2803805c2bbf9d05df7c67883dc758d7995204efd09cc0376  lib/http.cyr
c44b0a94507a05b190b6592e3b77692a51b39d6ee483344f8ebbe421072ec669  lib/io.cyr
f38092748e5a9197f7a526e54801fd15fab70d2a04d1c23f4f71003f564fb3d6  lib/keccak.cyr
5d80af0ea9c77878f77bcead3b9c7d5887b44901de143fc1fbc750fac4b36b4e  lib/log.cyr
328a401b2d7006c5ddf8f56b4dbf8c4e10fc49678cada66153e1b7eb91fa049f  lib/mabda.cyr
b54450112445e187ac2e56901ad86e27133199b16534129955d23fd7ceda4bd8  lib/math.cyr
18c4b2c680e33d42cd2c294c18cfa2251f10a5ad32fc67a939fd3fce86141570  lib/mmap.cyr
c73e6ff61b1bed492c9a5bd11db83ef79d9c50e8dc73573a05f49335be41c68b  lib/net.cyr
da6684f858ace57ca5016d8cc51d68f40eb50e95962ecc39c20d428366ec20fe  lib/niyama.cyr
16d92c974874d54467facb1a59d120f164d0215ad24a75a8aebe2abcb4c38a57  lib/overflow.cyr
52608a46bd8bf9a032a7fd8b6eb1848dc27b7d9fc1941ba42fbd76983287b19f  lib/pam.cyr
8d8a5932169729853e616d3db5e6ef3a4a2c719e68cd7fd1d5d6614e2efc83b2  lib/patra.cyr
02901646f659ab56893ae7df87d0e80be0f07e56e3b5249994aef9aa4879273a  lib/process.cyr
3ba078bd7edbe94fb35842af051dcadd67ea31c85364ef93f4a64f29d0ae455d  lib/process_agnos.cyr
8fc5eb6332d07d410850ed8bc31f9387ed51886d506ef9f6f8c79d848dbd58d2  lib/process_win.cyr
8c130286b527ca36ab57b102dd6a076908ea5fadaa044abb79e0eb182252761a  lib/protobuf.cyr
68290edd26b725f8e6bd6dfa4cfbfd608eda46673b5dd91108bab279930b6506  lib/pwd.cyr
5b4f28cb5022692113ea90114139fe6ce5b84dbb8ec3a725fe5c29eb19e3ccef  lib/random.cyr
8b94ff3c52327a8850472ea979e9d95f40984465514eca6b2716ae4deaefbc47  lib/regex.cyr
33c21dbd3bed33b8aa79d2dfdf94f777f4c3a42ee108676f541ef0fb432ea1c1  lib/regression.cyr
6c262e769e0985524b57107b6e08af05b51581099a5e9cd3bc4d8774c012f73c  lib/regression_agnos.cyr
66f2a7e4a5523da13da19c94d5d6d5ac14635fbba10c3bc4f950241a3b26cd10  lib/result.cyr
6027b62a4c17484637db4e5da5a7ae6dceed923db1ec28312ebf1c4c619dcec1  lib/sakshi.cyr
ba32d4e8228a5b662ff0468aba5ff42e1a705298be9a7bf77cbe4af1aa537969  lib/sandhi.cyr
c5146f1c973c6daa27174993859979430bd571cac1a224780ac21553aa71f523  lib/sankoch.cyr
dc500d517e0896751699302f6d6033b765378576f8e9ac144480262ab4214348  lib/security.cyr
2907e90cae9f66370dce6e9567e24b03dab31221cb4f0e505a5c5745232d5de4  lib/sha1.cyr
04255aeb34cf42c8f82bda864920411d3fb0e0c8fa15299190427601f3f1cdc9  lib/shadow.cyr
39e76821636d99bee33db43ecf94549abc19126bd517a96423d808901802219f  lib/sigil.cyr
423df382657ade61d0ce642a8dd69c0f6a10e432517042eed4b2ad45bc833f4f  lib/simd.cyr
25f840dbf3a90b983c72afb33416b233d511cbc3298e768cd912bfa325204755  lib/slice.cyr
0176f2a450ab48b902e3b62112b913d1e2045467ddfe56ceba4339bd68e46967  lib/str.cyr
cf6d59104caf9904342400eba0df08b6c19f2124a446f5fab27b543df9b9b222  lib/string.cyr
60e1dc88ea44d15715d400a5dbb7d6374f9a0915f709c777681eca1958f30978  lib/sync.cyr
b204b05d2f0ee90477d5ca5bd22c339188719ef1eacb05ad6e65e092a1536572  lib/sync_macos.cyr
af3dc72c3e2d0f94ea4d4a6bdeb60963cd36e7849b7ccf06299bf5c616de7100  lib/sync_windows.cyr
fce45f7d4d11df38e99724e67486c8c7196adc0606005f8ded89d25f2ccaada5  lib/sys.cyr
8360ef6cfc3d615a0d7f6b9b2a2475f0fa586df095b7d73851401a8d0a9b16be  lib/syscalls.cyr
b0c1e8c27864f8593086b820ef33d4dcec356a281f31068042fafc53995ac816  lib/syscalls_aarch64_linux.cyr
79d5455618f4c96b09f5fd979ecc21cb1bc06fcfe0744e9e34a5ee025163ed3b  lib/syscalls_linux_common.cyr
50bcc2e0a75e1732a80212d0daed861eb7e97e3bdbe2e170b5520d597dab8fbc  lib/syscalls_macos.cyr
bee8952b062aca1cb80a077a9e7f391d2a450fb61c17bde1d73450dba90c105a  lib/syscalls_windows.cyr
db27a01437cdd93112ea90709fb753a774feb2f891ae48fd9cc3c9403f649ee4  lib/syscalls_x86_64_agnos.cyr
12d6e4875deb035a0167222d71193d67a8c68ece8f08216f8ac959bd384e5e64  lib/syscalls_x86_64_linux.cyr
30def7b0a8f770a2d66efeffd953aa4bf3f2b902207fec9104b569acdc6315b1  lib/tagged.cyr
a8ae4f1396d23bff31a4c22c53be396b4624dcd763f5a9de81d4933a07beae9e  lib/test.cyr
ec4994938f70b6d5d53435c34aca7811523856fbd8b4873b24ed3ea8114c98f6  lib/thread.cyr
6cd0930d2faf71c5f48835eca206b4d5b26bf7d81bced0b4f37a2a339fd075e3  lib/thread_agnos.cyr
2d21c08acf5786ddb5a07eedf4b1d49029ae7adefe86de7a22f97084e36dc3ff  lib/thread_local.cyr
28adc0d018577a1c21b40e088991d5a76e6c4cc367346e00f7cab7f719a6f50b  lib/thread_macos.cyr
494bb8c5265955e80c87af63b79e4227cb989ad332337d0605ef66578cddf025  lib/thread_win.cyr
fbbfeb9f2c4bb163627aa87d00622b83932ee299c9217a099a2fef0fdfd265e5  lib/tls.cyr
c96c9e525dfa49dae5a51fe441db8022d28f1cafe4e15d2edd416c52eaa2c684  lib/tls_native.cyr
f266862c2b50ded0c8c63af6a1d3c24a0845bfdf07e2165757f94c1f63a601e2  lib/tls_native_conn.cyr
bb432fe9a94d00a1e112db04730cf0e65d96b5a83d903977e3eb56956e6550c4  lib/tls_native_ctx.cyr
7fe98d06fbdb08c3e1db62a7c3e7f7cbf0a15d5e11c320aa5d4795b3af240b45  lib/tls_native_hs12.cyr
79ca32e3a458700e60401cdda69bf4a10743b0086428449b3f65faa0a0ca48da  lib/tls_native_hs13.cyr
7f09bdda201facfea22a870090584127af1cc1151a822dcf15aa737fe8329468  lib/tls_native_keysched.cyr
dd083116c877c777f44f0d9e754dde477f6f42e99d5399fdc9e15ae4cf6fb06f  lib/tls_native_lowlevel.cyr
4d0e4eff2b147d502bbcb458606e812441b1453b6ff0f03888aebeac13e1f65c  lib/trait.cyr
8e45d3b594e31609051e958acac2f84cc102e0cd2264b0cbfdeaae8aaffda557  lib/unicode/_casefold_data.cyr
490ce31f13069637ada2eec85c16f1e5ef942160892f32c07b572286fa4f9912  lib/unicode/_categories_data.cyr
aeeba5627b78ffca6a34ebcbe318f50726a87d4f19713bf9ed070bbbec7ded74  lib/unicode/_decode.cyr
137fac081ec373522a0d22aa702494b45505cb7d5a9b606f4b47549a5e9d299d  lib/unicode/_normalize_data.cyr
d342c512ea0f3d32cdf35293391e86db784addfa2b40fb8e2db9dbd2bcf75789  lib/unicode/casefold.cyr
1091c0970c74fd47f63503b5dfbe0098a1b87048a8d43cc17cf51153839b2afe  lib/unicode/categories.cyr
1ea4d3a9bb4193a0f7e5d63165715f1268e26c1db4284d7a75dcbdbe97a89851  lib/unicode/normalize.cyr
1209bbd06b73b6dd4a7258429179aa28964b36953bd1d3c280dcdc20fc696e04  lib/vani.cyr
802a6a65421c1c0499b137069812e8f158c9779a574da4fb5948cca382306abe  lib/vec.cyr
13c2731da6fa3ce98f842269e1a68f7a7f2dbec6d14c297832b6bc9d0f4caf0e  lib/ws.cyr
cb85bf90dc32ccfa26e9cad499d39d7a3b0cbc698f1d0534f1dea1680f38b1b3  lib/ws_server.cyr
2aaefc1d8dd0ef7ae3adc3a1fc7b2aeb17cb82d2e2830a8c885ee79724ce06fa  lib/yantra.cyr
de4ded7ae49d81025599e74c70ff3357d4bed069cd1a00e62d6ebf0e6e2ef682  lib/yukti.cyr
cyrius	6.6.9
