d6c9c0f7c7d952d3400865c4a6d8e7a3a5678aecf09836e2d031630a82b2e136  lib/alloc.cyr
69e92cc4b67f1a936f94c92ce8a4c66673758b84dba385e96fbeaa46fa692b4c  lib/alloc_agnos.cyr
62b090ca59dabcb9efc98677f495e04edf63a018105ccd0ac76f992e187cf4e6  lib/alloc_cx.cyr
205476315da00b96360a2114df2422a9b7bcbd36f6e9a5042a094455123a543e  lib/alloc_macos.cyr
2f27fed1b4711ae19dc24389aefd50016b5b0e32376f32e8b560f40f5f32d712  lib/alloc_windows.cyr
83d58a2315a5be3f0e57b96ed771c6435ebbb3265c19f53f3f905094dcc854d6  lib/args.cyr
14bb49249285e0549e21577bbbf330e302d8423668ad2be2ae73c91463c616f3  lib/args_agnos.cyr
99f96283da419ad9f01d076269411c3d5214b6007a92d1bbe2356ab906a5d1a1  lib/args_macos.cyr
f7b9d52f29de6d3d633962ccc765a76637091a7256eebc1da5547530eed2c44b  lib/args_win.cyr
9583b938d791d35e24c3ca45c44e199a4e58197fbe6b3f32c3d9676908d69d9c  lib/assert.cyr
d3d56869a99baae17c13b5651fbf14db268b914fd53a85defe02ffa834a98c36  lib/async.cyr
eac8d363041651b52d6cbdd601a71a55da1b670535ebfe8474e6fee917e8e92e  lib/async_agnos.cyr
566c1a70bb75a30e5f4fa34abfd610c0b6b7ef33d0d78dfe958d54aab07bd3ea  lib/async_macos.cyr
945f39cb78e7f4aaab0dbd2fd630fc43e2c7e36a1fea927d528b3b13f9bd4d33  lib/async_win.cyr
2485128eae67f4b1f3716ec3d101d8317801f77126344919e7a4d24b80eb6761  lib/atomic.cyr
b8c0baf10ef9bd4a3ad2458e22f126bf28533ad00759c0eecb41f9f0655408e0  lib/audit_walk.cyr
65bd72d24857e65bd16222298504236208de923c5946ddaa781d3b613a494b05  lib/bayan.cyr
cd9321d9400401cd8895d1f488d969ea391a1194b327f7a1fa60b99912b73cf2  lib/bench.cyr
d3106568aba674ffa99ad15542ba2accd648707e4c3172d4e5ca3bf8f49b765b  lib/bounds.cyr
62f742477123341be50be74d09d16f80de08534061bc3e82fd99040df9708fc7  lib/boxed.cyr
09c4d27912d9cd18e36a0e24b6d5d1771aecd8b57661813d3886844494e2c2be  lib/callback.cyr
ff0606ebe3bcfee797c411cc58490875e1861bd4530edea926051f63506362b8  lib/cffi.cyr
7dfcca2a419856daa9a79ba00e5f02ad8ccd1e8f219c3ddb5150c9c070de84d8  lib/chrono.cyr
096eabc580c807f3e378fbe56058780a28cdf95b9c70b44672bca0a71cf969f6  lib/ct.cyr
98d1536d5bb355549b7e7be257fb6a5620525f93b447a5a5759b04a0aa053191  lib/dxgi.cyr
5cf71a7e8c348d04e16db5747bb069378896eac27b7c6adb1d7973981fbd38e4  lib/dynlib.cyr
fb3cba975974912b708a2c2055b8e9ffe5564dd0f2596c5618f6cce20a9cbc34  lib/fdlopen.cyr
5fb248bab06b39e93e324aa497370e80778fb33b99b71d2f6d168caecbc154be  lib/flags.cyr
31fbcb484467615fe52619e2f66eba3d37092fee85862131231ecdb1f4ee95e3  lib/fmt.cyr
2f9d210e9280506f280bbd10a7b26b76c7990360a97fb7701f348bfe76fbb291  lib/fnptr.cyr
3603c6ed305e148d9e59224ab046784efc09101516515e3c44709f48e9b6054d  lib/freelist.cyr
7f98ace89a7f4433c8bf86b60e672ddada09311766bca733c84ed68deea06c81  lib/fs.cyr
40a20ae12025e318246ff34f5a36f7a26eb26bbdec076bf7b3e67b4060f23ade  lib/fs_win.cyr
8707b3769f68dd9bb9d237c1562996c456e933d807a2f0f1df3043c462957661  lib/ganita.cyr
f7a4ae2dee6bc5e496a2b4c57dd96e9d1c5456430796382c50cab7730f8faf71  lib/grp.cyr
e5f4d8e1f219f395ef900649d87d6d8734dca06f51bbf4e3f96fea3363130527  lib/hashmap.cyr
1fed09d7a14e8bed6cfe8dd387f5dac1fbbe310c150830791c44a592e67ea7d1  lib/hashmap_fast.cyr
9bebf72eaa4c63aac80710f21d25310b89658bb8cc9f47a8a57ba16261fa0d5b  lib/hashseed.cyr
4a5fdefa05c22f0d125fda6bfe5ce4233077fbf52bb270b90a7c8009e580eb3b  lib/http.cyr
194858b80a3a40c216a7879eb07652f1b91725cdf695ec7dbd4b206fc927e2b9  lib/io.cyr
f38092748e5a9197f7a526e54801fd15fab70d2a04d1c23f4f71003f564fb3d6  lib/keccak.cyr
7f43fb51cdb8a42dd774fb4be153cf1edbd5e83cebd1f88c5a5793f604b4d010  lib/log.cyr
078f0ddbe181e0894807e325d605d8af9a961bddf94b28791ce848edbac1504d  lib/mabda.cyr
fb578de7a7ed8e61001692be76d121dbd1a1b6dbd0c04c8bd7700ae7d0bc3966  lib/math.cyr
18c4b2c680e33d42cd2c294c18cfa2251f10a5ad32fc67a939fd3fce86141570  lib/mmap.cyr
5c6de883e00fe73049ddff323513dc4f1d97fa8520638ac41a2ca057ca5582f2  lib/net.cyr
a499c11853c32baf2ad741f08fd6e0a6781037afbb13af664f54f49348f21434  lib/niyama.cyr
16d92c974874d54467facb1a59d120f164d0215ad24a75a8aebe2abcb4c38a57  lib/overflow.cyr
0ef665f5daa606d2d973db053c447138e25f4396d9d2ad0049456a5e0176376c  lib/pam.cyr
0362e6349977e766fbf6f186712073c17e1ccb8e55c2cb9ab1c3174401df94b2  lib/patra.cyr
52d8879572df7a9ab0c5d1b97eb1f41799b06e684c01876d8023f04a4c63ee0d  lib/poison.cyr
b4e0bc694641b318329dc5a489016d46f8642805b9af4bb82c947a2fedbe0276  lib/process.cyr
25b5508cb30c9084d220674c27f35ac07a0fae523bdcfb5746cbd5a205878d76  lib/process_agnos.cyr
b8be6f1faa5143f022f167865fe2f85ca15620aeac15e6675140ede3d991aea5  lib/process_win.cyr
8c130286b527ca36ab57b102dd6a076908ea5fadaa044abb79e0eb182252761a  lib/protobuf.cyr
3d75864c4c6baa1f51d198e93fb1e833539e71fc7dfcb070fc76de49d4df3fb3  lib/pwd.cyr
3d643b57cb58f83119213d8a706674943a9cb42842a63dcb6ea97401e17971a8  lib/random.cyr
0d123c5561e9bf63e3f09ab65988ffbf4233e7a3e79b66a2870ce7f5c257eb49  lib/regex.cyr
44893bb612c1ed3f77ca4a544a9bd65e03a32dc5be1e5c476e5b3967a4247cc1  lib/regression.cyr
b4e4655bc43183cb4f6b6025ee41fb4c0c19c93c7598f3d3ad3c09be0adf9dda  lib/regression_agnos.cyr
66f2a7e4a5523da13da19c94d5d6d5ac14635fbba10c3bc4f950241a3b26cd10  lib/result.cyr
c9a739c34ddf12879331e5173de7e068b3ca9359c38324b1feffa01dd0d98388  lib/sakshi.cyr
165d446ae7bd149f99328c9f3c512e4927c3c8e330e96434664f1fb39da2c195  lib/sandhi.cyr
e8b8b52f6889a5289a42c9db813a2f24a378d96556c0d02c8ae396c6682a5027  lib/sankoch.cyr
dc500d517e0896751699302f6d6033b765378576f8e9ac144480262ab4214348  lib/security.cyr
3104f8d448f1b7eebef6e8e7feaec7ac9808dcf8ac1bd20423c526a37b80afc9  lib/sha1.cyr
04255aeb34cf42c8f82bda864920411d3fb0e0c8fa15299190427601f3f1cdc9  lib/shadow.cyr
7560f98fc8ac399c937fadc8f4e88fad523e6517b60f6cb5af1bb5279c3981d6  lib/sigil.cyr
15323cd2be427b35a307d0f15bfa19a9d944eafa3846010a2a0fd1fa517ac1fa  lib/simd.cyr
25f840dbf3a90b983c72afb33416b233d511cbc3298e768cd912bfa325204755  lib/slice.cyr
150cc3163918a44eadb56fd097cdb09b867d157acdc05427c04e317f6facd7c9  lib/str.cyr
f963c13ec3945a54d7a6c626e75b9f02d2053c60deb4fa987d7fd1fff97b1723  lib/string.cyr
5c578a8e02462741cb0232ab68c0634069c8f2b2eb4d1781ab1bc8bdec3c6ea7  lib/sync.cyr
0064ea95f08490cdac07589bb509a8c76dc09feb4ddb27e9076d2c2d681a2464  lib/sync_macos.cyr
1327489329f60a7eb6ca27812073bfb14541bb3e5f8b674a7e6de3e97e177567  lib/sync_windows.cyr
8037d8e16fa209d16b3df1f897f4462497dd44bec8aeefd98649d794a329051d  lib/sys.cyr
2d68982c31a40f4b9695d484fd52aa20f6e0a7e33d9f0a90d39e1239c2dc35cf  lib/syscalls.cyr
c120f895c1b68028aab3365e4d369eb5754781d5a4bd044211c8e5394aef587c  lib/syscalls_aarch64_linux.cyr
7f94a297c241b505d99971542b0fbe034b7947b6184e2a8bae28afc01474084b  lib/syscalls_linux_common.cyr
72ff29f286de8edca7adc9f7d6a51ffcd52e53b4d91229f6327d910a99f1c1d2  lib/syscalls_macos.cyr
a37c0447d4fd82f966138ec1da277a3d909a6c222644a22c0175cf3ea4c74b29  lib/syscalls_windows.cyr
6dc5f0949b1a44d6f07f843554a7c42d18fc7c5f3c5ef4b6b8538b74a2223450  lib/syscalls_x86_64_agnos.cyr
fdc56202b9b968c26083ff66bcc9a0accd0c2176fdf4f7ba626a3c7d300d3415  lib/syscalls_x86_64_linux.cyr
30def7b0a8f770a2d66efeffd953aa4bf3f2b902207fec9104b569acdc6315b1  lib/tagged.cyr
a8ae4f1396d23bff31a4c22c53be396b4624dcd763f5a9de81d4933a07beae9e  lib/test.cyr
5686f123b01eca797583c1adfa12b0fca9fc600a3fdf28e86bb1984804f8a13c  lib/thread.cyr
f0189b62e5598d3c38a3eba9cd5f72fc50ef643cf1b9226585a83e9742cf74af  lib/thread_agnos.cyr
18bb7f8a45ad21f07675624aab045844fb790a74aa3732ee71ffec7ccf332fdf  lib/thread_local.cyr
cd7055810aa1f83d9c42d3632cd33891d0321eab984b08cc62ab9558a41cf7f8  lib/thread_macos.cyr
4f4a8309dc3a71055b9746a4514e9b26a9c90045a14b9429d8f174a9892611e5  lib/thread_win.cyr
3ae5ec5c7a0f03d91dcb467fa0189d9d788e0914a0301fc0c237666782368393  lib/tls.cyr
1da886bed36534a3c737cb2c868b96270d1fc07062447595fd7b58b6e316c0d8  lib/tls_hostid.cyr
4bcb962abc715aa0f50c2ed064b4127394cd313d0de18f3d2997bbe75f00bd5f  lib/tls_native.cyr
3b659c85ef27cd6eef30d6dcc7a0a872775b12b556a0c1de945c398d8f34b86f  lib/tls_native_conn.cyr
7e29cceca751b755210e8705187e2fa45a5be1671ba10f047e7cfe486bc87b5f  lib/tls_native_ctx.cyr
dd5fd04d4f73dc191337db1ce55986cbc30019f84ccc29765dcc9a9992fdff93  lib/tls_native_hs12.cyr
9fd1e716f47beabe33885d19a4e417fc8771395c73d4ad6347297c98f7f5e154  lib/tls_native_hs13.cyr
7f09bdda201facfea22a870090584127af1cc1151a822dcf15aa737fe8329468  lib/tls_native_keysched.cyr
e7b2ac57d7311002623c0dc7508e5368daf956a3cbfa2b56991eae7ad059569b  lib/tls_native_lowlevel.cyr
29e02ec5776e1338c6a3cb382964ec922c90c52c46594672127141a2c3a01c08  lib/trait.cyr
8e45d3b594e31609051e958acac2f84cc102e0cd2264b0cbfdeaae8aaffda557  lib/unicode/_casefold_data.cyr
490ce31f13069637ada2eec85c16f1e5ef942160892f32c07b572286fa4f9912  lib/unicode/_categories_data.cyr
aeeba5627b78ffca6a34ebcbe318f50726a87d4f19713bf9ed070bbbec7ded74  lib/unicode/_decode.cyr
137fac081ec373522a0d22aa702494b45505cb7d5a9b606f4b47549a5e9d299d  lib/unicode/_normalize_data.cyr
224acfc288e499dd9d14f37cfb4f09a6db23a91cbc7d840083cc25f4ba40c9aa  lib/unicode/casefold.cyr
1091c0970c74fd47f63503b5dfbe0098a1b87048a8d43cc17cf51153839b2afe  lib/unicode/categories.cyr
a94f8ae2dd3b467ba578d52f0843d2bd2d29f0d15b7f1c383c48f20b0eeb762a  lib/unicode/normalize.cyr
670887ec17390784d934db56358e9f19431840829a9794e43463f6079cf3ba13  lib/vani.cyr
fa7a04f961c15fa76dac4ce799830f0a71a720d27da25867f4ca68e7ea21880a  lib/vec.cyr
0601ddcf5d44bda641cbd63bf0cd5dafee58258b18e3e3d7f33e750a8663b30e  lib/ws.cyr
df80f264e174785692663dba4d0e45a37d040f382a22b95ff3d6a269cc3cfdb2  lib/ws_server.cyr
4916bcfe71bca7a20e2b0a59b529aa550032405daaa01ac575b9bebb795071d1  lib/yantra.cyr
602084c5f331c7a0a839a4d9b88bdeb85cf821625dcb524ea2c9403ff5cd7cca  lib/yukti.cyr
cyrius	6.7.5
