ce54ad43f7722d404a100d13682b9400fd361dfbf2354d695e15b8133ae96428  lib/alloc.cyr
69e92cc4b67f1a936f94c92ce8a4c66673758b84dba385e96fbeaa46fa692b4c  lib/alloc_agnos.cyr
62b090ca59dabcb9efc98677f495e04edf63a018105ccd0ac76f992e187cf4e6  lib/alloc_cx.cyr
a15ef42e47bfa835b72c42a5af218425192db72b5fdf26d423ff154448f4e0cf  lib/alloc_macos.cyr
2f27fed1b4711ae19dc24389aefd50016b5b0e32376f32e8b560f40f5f32d712  lib/alloc_windows.cyr
ee03323e1b6ad279619fe630bb76d47b00aca6d198d508ea804f4b19d4f2b6fd  lib/args.cyr
14bb49249285e0549e21577bbbf330e302d8423668ad2be2ae73c91463c616f3  lib/args_agnos.cyr
99f96283da419ad9f01d076269411c3d5214b6007a92d1bbe2356ab906a5d1a1  lib/args_macos.cyr
f7b9d52f29de6d3d633962ccc765a76637091a7256eebc1da5547530eed2c44b  lib/args_win.cyr
9583b938d791d35e24c3ca45c44e199a4e58197fbe6b3f32c3d9676908d69d9c  lib/assert.cyr
f077e2ee97e194c0058866c8517640c78c5ff87db696dd980dd74a492dbe0f04  lib/async.cyr
8c3a4b656056ebec7841a877b938121d207022e8f5dca8ea8d4dc679c7a337e5  lib/async_agnos.cyr
46d6a6e31fb1400e15aff944d4284604e86d959815296ea377a4df9f1815a16f  lib/async_macos.cyr
e0f0220c09276dc5787cba777d6b30347bb66e8a9a8911184d9a66df1ac69d2e  lib/async_win.cyr
a31cbf049f4611a63fffbc022826d69b03d71b0a29b18bdb5ea00b6cd88823b8  lib/atomic.cyr
b8c0baf10ef9bd4a3ad2458e22f126bf28533ad00759c0eecb41f9f0655408e0  lib/audit_walk.cyr
414f432bd35e0414960adaec8a172aa446dccc70bd6fa08545b8628755772d9f  lib/bayan.cyr
39519f50cd35d21ec5ef2ebba5fade7b3d2fe8ddfe7644e3395c8da4d631e0a0  lib/bench.cyr
d3106568aba674ffa99ad15542ba2accd648707e4c3172d4e5ca3bf8f49b765b  lib/bounds.cyr
62f742477123341be50be74d09d16f80de08534061bc3e82fd99040df9708fc7  lib/boxed.cyr
563bc5059e0a9c206884fb92a42c5b2c2cca06cd3f9448920239c8b5966119dc  lib/callback.cyr
ff0606ebe3bcfee797c411cc58490875e1861bd4530edea926051f63506362b8  lib/cffi.cyr
df5c33b5669c74778f57a9df9f218e7fedce78cfe68544270ba9d96b62f3dfd8  lib/chrono.cyr
096eabc580c807f3e378fbe56058780a28cdf95b9c70b44672bca0a71cf969f6  lib/ct.cyr
98d1536d5bb355549b7e7be257fb6a5620525f93b447a5a5759b04a0aa053191  lib/dxgi.cyr
4424652d8bb6f459613820a1bc80059b7bb34e7015e824d04c0ef54a1aadb1ad  lib/dynlib.cyr
c6557b7de8359a2d3091040eb8b23d95bcc22623fc88f0005abf905bc410a8fa  lib/fdlopen.cyr
5fb248bab06b39e93e324aa497370e80778fb33b99b71d2f6d168caecbc154be  lib/flags.cyr
ce605cd7586f5a42918d03cee7c2dd2d5c789a936b3e3febb314082da9ead98b  lib/fmt.cyr
2f9d210e9280506f280bbd10a7b26b76c7990360a97fb7701f348bfe76fbb291  lib/fnptr.cyr
050e5e6bcb2dc8b8c4ee8d83fa1879d542a481ddc5848650609217ea0638b5e1  lib/freelist.cyr
7f98ace89a7f4433c8bf86b60e672ddada09311766bca733c84ed68deea06c81  lib/fs.cyr
40a20ae12025e318246ff34f5a36f7a26eb26bbdec076bf7b3e67b4060f23ade  lib/fs_win.cyr
179b2541afa3c929065a6c47c9ef5373f9098f318bbc73d9029688ad65e80152  lib/ganita.cyr
f7a4ae2dee6bc5e496a2b4c57dd96e9d1c5456430796382c50cab7730f8faf71  lib/grp.cyr
b34890c61d62738208106abb6d06f483819e2e01a7ac7899274542b05fdee2df  lib/hashmap.cyr
c330214e8dedf8ee79d03647ea280049f12eb63d6a21c31c5c4bfa36af381c3e  lib/hashmap_fast.cyr
9bebf72eaa4c63aac80710f21d25310b89658bb8cc9f47a8a57ba16261fa0d5b  lib/hashseed.cyr
cee5e0ea4197f991c8f7e6dcde2aaeb3a367f22fb43312c630fb19d2d43909a5  lib/http.cyr
08f362cf55b61688e0893aefae51d5088f5e373519bfd0e2e6c443eba25305b6  lib/io.cyr
f38092748e5a9197f7a526e54801fd15fab70d2a04d1c23f4f71003f564fb3d6  lib/keccak.cyr
bdb407c198b153d39d87b7150de278a785f67c130ff459ef87d018d9a8a70ffe  lib/log.cyr
3bb673105e03e3181b6cd40cfb94e37eac4045b827e5e79d1fe45e13f15c0040  lib/mabda.cyr
fb578de7a7ed8e61001692be76d121dbd1a1b6dbd0c04c8bd7700ae7d0bc3966  lib/math.cyr
18c4b2c680e33d42cd2c294c18cfa2251f10a5ad32fc67a939fd3fce86141570  lib/mmap.cyr
1a48bc377b620638dd84ea4b8ad016c02cb1be02d60760fca30a82437e8e9dc4  lib/net.cyr
da6684f858ace57ca5016d8cc51d68f40eb50e95962ecc39c20d428366ec20fe  lib/niyama.cyr
16d92c974874d54467facb1a59d120f164d0215ad24a75a8aebe2abcb4c38a57  lib/overflow.cyr
52608a46bd8bf9a032a7fd8b6eb1848dc27b7d9fc1941ba42fbd76983287b19f  lib/pam.cyr
839a240cc843a0dbbfa443c9ed90982f44dad0c7f71a84fe895d62d7f018b633  lib/patra.cyr
f572274f005eaacf0910d0e564c6fa19d80919dbbe2da2e970e5537668036156  lib/poison.cyr
587b90f2267d1c7afbb589e71cf69f4e8a314ebfe6a2e4b979aceee69351dee8  lib/process.cyr
25b5508cb30c9084d220674c27f35ac07a0fae523bdcfb5746cbd5a205878d76  lib/process_agnos.cyr
cd45097afe2dfda210ff2015750962c50d4891e3ff4ba155f17b73ca092c8749  lib/process_win.cyr
8c130286b527ca36ab57b102dd6a076908ea5fadaa044abb79e0eb182252761a  lib/protobuf.cyr
68290edd26b725f8e6bd6dfa4cfbfd608eda46673b5dd91108bab279930b6506  lib/pwd.cyr
3d643b57cb58f83119213d8a706674943a9cb42842a63dcb6ea97401e17971a8  lib/random.cyr
0d123c5561e9bf63e3f09ab65988ffbf4233e7a3e79b66a2870ce7f5c257eb49  lib/regex.cyr
c8a0b824faa77c7f01cd201730c638f3f592b3dc97a93240040e99aab7425da4  lib/regression.cyr
b4e4655bc43183cb4f6b6025ee41fb4c0c19c93c7598f3d3ad3c09be0adf9dda  lib/regression_agnos.cyr
66f2a7e4a5523da13da19c94d5d6d5ac14635fbba10c3bc4f950241a3b26cd10  lib/result.cyr
cabaf271f250c4ba8d867c8b465d9cc65648387a3c43b7ccf6b38d976d2867fb  lib/sakshi.cyr
23754172c143aef8369bd3e17a0b71f8e8a35a1144258e285c91a5aa3a07ab30  lib/sandhi.cyr
c5146f1c973c6daa27174993859979430bd571cac1a224780ac21553aa71f523  lib/sankoch.cyr
dc500d517e0896751699302f6d6033b765378576f8e9ac144480262ab4214348  lib/security.cyr
3104f8d448f1b7eebef6e8e7feaec7ac9808dcf8ac1bd20423c526a37b80afc9  lib/sha1.cyr
04255aeb34cf42c8f82bda864920411d3fb0e0c8fa15299190427601f3f1cdc9  lib/shadow.cyr
5d32d4f05c1fcdeb0fb8c773b28d9099034355c1c22dbac41ec5a329a6bc5afd  lib/sigil.cyr
423df382657ade61d0ce642a8dd69c0f6a10e432517042eed4b2ad45bc833f4f  lib/simd.cyr
25f840dbf3a90b983c72afb33416b233d511cbc3298e768cd912bfa325204755  lib/slice.cyr
1287a8ca89f960f68e183de2006fe4c1c8796acd1db993acfa68b81caccc7616  lib/str.cyr
f963c13ec3945a54d7a6c626e75b9f02d2053c60deb4fa987d7fd1fff97b1723  lib/string.cyr
5c578a8e02462741cb0232ab68c0634069c8f2b2eb4d1781ab1bc8bdec3c6ea7  lib/sync.cyr
0064ea95f08490cdac07589bb509a8c76dc09feb4ddb27e9076d2c2d681a2464  lib/sync_macos.cyr
1327489329f60a7eb6ca27812073bfb14541bb3e5f8b674a7e6de3e97e177567  lib/sync_windows.cyr
8037d8e16fa209d16b3df1f897f4462497dd44bec8aeefd98649d794a329051d  lib/sys.cyr
2d68982c31a40f4b9695d484fd52aa20f6e0a7e33d9f0a90d39e1239c2dc35cf  lib/syscalls.cyr
13c325e0f168afab2918d8dee9e235959e173dcce2d5b79cedc78ff5b4f58d2f  lib/syscalls_aarch64_linux.cyr
648dd50892e04e02720d4de1790fa2d10b7105aa33ee7b43e7502508e47f2079  lib/syscalls_linux_common.cyr
72ff29f286de8edca7adc9f7d6a51ffcd52e53b4d91229f6327d910a99f1c1d2  lib/syscalls_macos.cyr
87d5ea55b7589273eee7cad4c4aee1d98b53a0d36f7d2d7d289a4dfc81fbcd26  lib/syscalls_windows.cyr
f8b411e74a14e0c150056ef227f5de4610d345bb8b941b2bc794b03ccf35a1e0  lib/syscalls_x86_64_agnos.cyr
fdc56202b9b968c26083ff66bcc9a0accd0c2176fdf4f7ba626a3c7d300d3415  lib/syscalls_x86_64_linux.cyr
30def7b0a8f770a2d66efeffd953aa4bf3f2b902207fec9104b569acdc6315b1  lib/tagged.cyr
a8ae4f1396d23bff31a4c22c53be396b4624dcd763f5a9de81d4933a07beae9e  lib/test.cyr
bac51a1b004f4ecca059ea5cf5cfa30f8ae6405941a44c3f1acb31e3bbcf688d  lib/thread.cyr
f0189b62e5598d3c38a3eba9cd5f72fc50ef643cf1b9226585a83e9742cf74af  lib/thread_agnos.cyr
010bf88c51a49041f2af49f92b0e0b23679f3e573cf5a6debce8f3fb46c3f7dd  lib/thread_local.cyr
4cce8d75284ffc6d7236c7cd7cf540713ad02b766515eb31bd9bbdfb54b27433  lib/thread_macos.cyr
4f4a8309dc3a71055b9746a4514e9b26a9c90045a14b9429d8f174a9892611e5  lib/thread_win.cyr
2498e9fb414067d59babaa6d96ea5fdd0c8791ad7a4075c3f4e7d15385a2421a  lib/tls.cyr
1da886bed36534a3c737cb2c868b96270d1fc07062447595fd7b58b6e316c0d8  lib/tls_hostid.cyr
6cfcc39226efb4be63367fd5b690938475e2976050d781f01110cd5f406f3335  lib/tls_native.cyr
3b659c85ef27cd6eef30d6dcc7a0a872775b12b556a0c1de945c398d8f34b86f  lib/tls_native_conn.cyr
7e29cceca751b755210e8705187e2fa45a5be1671ba10f047e7cfe486bc87b5f  lib/tls_native_ctx.cyr
be3d5b249fb917ca0b56dea024c1ff7b50042480b8d57d1034f8d7090e3d663a  lib/tls_native_hs12.cyr
f73a33f2844012908e11144e6265d3e9888a4082f133c19abafa8ca7ae85cc72  lib/tls_native_hs13.cyr
7f09bdda201facfea22a870090584127af1cc1151a822dcf15aa737fe8329468  lib/tls_native_keysched.cyr
e7b2ac57d7311002623c0dc7508e5368daf956a3cbfa2b56991eae7ad059569b  lib/tls_native_lowlevel.cyr
29e02ec5776e1338c6a3cb382964ec922c90c52c46594672127141a2c3a01c08  lib/trait.cyr
8e45d3b594e31609051e958acac2f84cc102e0cd2264b0cbfdeaae8aaffda557  lib/unicode/_casefold_data.cyr
490ce31f13069637ada2eec85c16f1e5ef942160892f32c07b572286fa4f9912  lib/unicode/_categories_data.cyr
aeeba5627b78ffca6a34ebcbe318f50726a87d4f19713bf9ed070bbbec7ded74  lib/unicode/_decode.cyr
137fac081ec373522a0d22aa702494b45505cb7d5a9b606f4b47549a5e9d299d  lib/unicode/_normalize_data.cyr
224acfc288e499dd9d14f37cfb4f09a6db23a91cbc7d840083cc25f4ba40c9aa  lib/unicode/casefold.cyr
1091c0970c74fd47f63503b5dfbe0098a1b87048a8d43cc17cf51153839b2afe  lib/unicode/categories.cyr
a94f8ae2dd3b467ba578d52f0843d2bd2d29f0d15b7f1c383c48f20b0eeb762a  lib/unicode/normalize.cyr
90a407886cc7d5119c459bfaf89cc4580cffd94c444d6c621930c1955b6f6880  lib/vani.cyr
fa7a04f961c15fa76dac4ce799830f0a71a720d27da25867f4ca68e7ea21880a  lib/vec.cyr
8eba3d50a0851cec576664ebfec3ab3de5b1f88dec57bacad54e6ef754ebb6dc  lib/ws.cyr
eb3b1c9b853881b52946da51aa11f5a259509775e545a45e87e7ae013e35fc4a  lib/ws_server.cyr
afe2434674f7aa9e6dfbac6a377f4e0aa5f5e25a61051d5229717f2edda457b6  lib/yantra.cyr
de4ded7ae49d81025599e74c70ff3357d4bed069cd1a00e62d6ebf0e6e2ef682  lib/yukti.cyr
cyrius	6.6.18
